// !$*UTF8*$!
{
	archiveVersion = 1;
	classes = {
	};
	objectVersion = 46;
	objects = {

/* Begin PBXBuildFile section */
		186A23231B7D88EF00DC23DD /* main.m in Sources */ = {isa = PBXBuildFile; fileRef = 186A23221B7D88EF00DC23DD /* main.m */; };
		186A23261B7D88EF00DC23DD /* AppDelegate.m in Sources */ = {isa = PBXBuildFile; fileRef = 186A23251B7D88EF00DC23DD /* AppDelegate.m */; };
		186A23291B7D88EF00DC23DD /* ViewController.m in Sources */ = {isa = PBXBuildFile; fileRef = 186A23281B7D88EF00DC23DD /* ViewController.m */; };
		186A232C1B7D88EF00DC23DD /* Main.storyboard in Resources */ = {isa = PBXBuildFile; fileRef = 186A232A1B7D88EF00DC23DD /* Main.storyboard */; };
		186A232E1B7D88EF00DC23DD /* Images.xcassets in Resources */ = {isa = PBXBuildFile; fileRef = 186A232D1B7D88EF00DC23DD /* Images.xcassets */; };
		186A23311B7D88EF00DC23DD /* LaunchScreen.xib in Resources */ = {isa = PBXBuildFile; fileRef = 186A232F1B7D88EF00DC23DD /* LaunchScreen.xib */; };
		186A233D1B7D88EF00DC23DD /* testTests.m in Sources */ = {isa = PBXBuildFile; fileRef = 186A233C1B7D88EF00DC23DD /* testTests.m */; };
/* End PBXBuildFile section */

/* Begin PBXContainerItemProxy section */
		186A23371B7D88EF00DC23DD /* PBXContainerItemProxy */ = {
			isa = PBXContainerItemProxy;
			containerPortal = 186A23151B7D88EF00DC23DD /* Project object */;
			proxyType = 1;
			remoteGlobalIDString = 186A231C1B7D88EF00DC23DD;
			remoteInfo = test;
		};
/* End PBXContainerItemProxy section */

/* Begin PBXFileReference section */
		186A231D1B7D88EF00DC23DD /* test.app */ = {isa = PBXFileReference; explicitFileType = wrapper.application; includeInIndex = 0; path = test.app; sourceTree = BUILT_PRODUCTS_DIR; };
		186A23211B7D88EF00DC23DD /* Info.plist */ = {isa = PBXFileReference; lastKnownFileType = text.plist.xml; path = Info.plist; sourceTree = "<group>"; };
		186A23221B7D88EF00DC23DD /* main.m */ = {isa = PBXFileReference; lastKnownFileType = sourcecode.c.objc; path = main.m; sourceTree = "<group>"; };
		186A23241B7D88EF00DC23DD /* AppDelegate.h */ = {isa = PBXFileReference; lastKnownFileType = sourcecode.c.h; path = AppDelegate.h; sourceTree = "<group>"; };
		186A23251B7D88EF00DC23DD /* AppDelegate.m */ = {isa = PBXFileReference; lastKnownFileType = sourcecode.c.objc; path = AppDelegate.m; sourceTree = "<group>"; };
		186A23271B7D88EF00DC23DD /* ViewController.h */ = {isa = PBXFileReference; lastKnownFileType = sourcecode.c.h; path = ViewController.h; sourceTree = "<group>"; };
		186A23281B7D88EF00DC23DD /* ViewController.m */ = {isa = PBXFileReference; lastKnownFileType = sourcecode.c.objc; path = ViewController.m; sourceTree = "<group>"; };
		186A232B1B7D88EF00DC23DD /* Base */ = {isa = PBXFileReference; lastKnownFileType = file.storyboard; name = Base; path = Base.lproj/Main.storyboard; sourceTree = "<group>"; };
		186A232D1B7D88EF00DC23DD /* Images.xcassets */ = {isa = PBXFileReference; lastKnownFileType = folder.assetcatalog; path = Images.xcassets; sourceTree = "<group>"; };
		186A23301B7D88EF00DC23DD /* Base */ = {isa = PBXFileReference; lastKnownFileType = file.xib; name = Base; path = Base.lproj/LaunchScreen.xib; sourceTree = "<group>"; };
		186A23361B7D88EF00DC23DD /* testTests.xctest */ = {isa = PBXFileReference; explicitFileType = wrapper.cfbundle; includeInIndex = 0; path = testTests.xctest; sourceTree = BUILT_PRODUCTS_DIR; };
		186A233B1B7D88EF00DC23DD /* Info.plist */ = {isa = PBXFileReference; lastKnownFileType = text.plist.xml; path = Info.plist; sourceTree = "<group>"; };
		186A233C1B7D88EF00DC23DD /* testTests.m */ = {isa = PBXFileReference; lastKnownFileType = sourcecode.c.objc; path = testTests.m; sourceTree = "<group>"; };
/* End PBXFileReference section */

/* Begin PBXFrameworksBuildPhase section */
		186A231A1B7D88EF00DC23DD /* Frameworks */ = {
			isa = PBXFrameworksBuildPhase;
			buildActionMask = 2147483647;
			files = (
			);
			runOnlyForDeploymentPostprocessing = 0;
		};
		186A23331B7D88EF00DC23DD /* Frameworks */ = {
			isa = PBXFrameworksBuildPhase;
			buildActionMask = 2147483647;
			files = (
			);
			runOnlyForDeploymentPostprocessing = 0;
		};
/* End PBXFrameworksBuildPhase section */

/* Begin PBXGroup section */
		186A23141B7D88EF00DC23DD = {
			isa = PBXGroup;
			children = (
				186A231F1B7D88EF00DC23DD /* test */,
				186A23391B7D88EF00DC23DD /* testTests */,
				186A231E1B7D88EF00DC23DD /* Products */,
			);
			sourceTree = "<group>";
		};
		186A231E1B7D88EF00DC23DD /* Products */ = {
			isa = PBXGroup;
			children = (
				186A231D1B7D88EF00DC23DD /* test.app */,
				186A23361B7D88EF00DC23DD /* testTests.xctest */,
			);
			name = Products;
			sourceTree = "<group>";
		};
		186A231F1B7D88EF00DC23DD /* test */ = {
			isa = PBXGroup;
			children = (
				186A23241B7D88EF00DC23DD /* AppDelegate.h */,
				186A23251B7D88EF00DC23DD /* AppDelegate.m */,
				186A23271B7D88EF00DC23DD /* ViewController.h */,
				186A23281B7D88EF00DC23DD /* ViewController.m */,
				186A232A1B7D88EF00DC23DD /* Main.storyboard */,
				186A232D1B7D88EF00DC23DD /* Images.xcassets */,
				186A232F1B7D88EF00DC23DD /* LaunchScreen.xib */,
				186A23201B7D88EF00DC23DD /* Supporting Files */,
			);
			path = test;
			sourceTree = "<group>";
		};
		186A23201B7D88EF00DC23DD /* Supporting Files */ = {
			isa = PBXGroup;
			children = (
				186A23211B7D88EF00DC23DD /* Info.plist */,
				186A23221B7D88EF00DC23DD /* main.m */,
			);
			name = "Supporting Files";
			sourceTree = "<group>";
		};
		186A23391B7D88EF00DC23DD /* testTests */ = {
			isa = PBXGroup;
			children = (
				186A233C1B7D88EF00DC23DD /* testTests.m */,
				186A233A1B7D88EF00DC23DD /* Supporting Files */,
			);
			path = testTests;
			sourceTree = "<group>";
		};
		186A233A1B7D88EF00DC23DD /* Supporting Files */ = {
			isa = PBXGroup;
			children = (
				186A233B1B7D88EF00DC23DD /* Info.plist */,
			);
			name = "Supporting Files";
			sourceTree = "<group>";
		};
/* End PBXGroup section */

/* Begin PBXNativeTarget section */
		186A231C1B7D88EF00DC23DD /* test */ = {
			isa = PBXNativeTarget;
			buildConfigurationList = 186A23401B7D88EF00DC23DD /* Build configuration list for PBXNativeTarget "test" */;
			buildPhases = (
				186A23191B7D88EF00DC23DD /* Sources */,
				186A231A1B7D88EF00DC23DD /* Frameworks */,
				186A231B1B7D88EF00DC23DD /* Resources */,
			);
			buildRules = (
			);
			dependencies = (
			);
			name = test;
			productName = test;
			productReference = 186A231D1B7D88EF00DC23DD /* test.app */;
			productType = "com.apple.product-type.application";
		};
		186A23351B7D88EF00DC23DD /* testTests */ = {
			isa = PBXNativeTarget;
			buildConfigurationList = 186A23431B7D88EF00DC23DD /* Build configuration list for PBXNativeTarget "testTests" */;
			buildPhases = (
				186A23321B7D88EF00DC23DD /* Sources */,
				186A23331B7D88EF00DC23DD /* Frameworks */,
				186A23341B7D88EF00DC23DD /* Resources */,
			);
			buildRules = (
			);
			dependencies = (
				186A23381B7D88EF00DC23DD /* PBXTargetDependency */,
			);
			name = testTests;
			productName = testTests;
			productReference = 186A23361B7D88EF00DC23DD /* testTests.xctest */;
			productType = "com.apple.product-type.bundle.unit-test";
		};
/* End PBXNativeTarget section */

/* Begin PBXProject section */
		186A23151B7D88EF00DC23DD /* Project object */ = {
			isa = PBXProject;
			attributes = {
				LastUpgradeCheck = 0640;
				ORGANIZATIONNAME = inmay;
				TargetAttributes = {
					186A231C1B7D88EF00DC23DD = {
						CreatedOnToolsVersion = 6.4;
					};
					186A23351B7D88EF00DC23DD = {
						CreatedOnToolsVersion = 6.4;
						TestTargetID = 186A231C1B7D88EF00DC23DD;
					};
				};
			};
			buildConfigurationList = 186A23181B7D88EF00DC23DD /* Build configuration list for PBXProject "test" */;
			compatibilityVersion = "Xcode 3.2";
			developmentRegion = English;
			hasScannedForEncodings = 0;
			knownRegions = (
				en,
				Base,
			);
			mainGroup = 186A23141B7D88EF00DC23DD;
			productRefGroup = 186A231E1B7D88EF00DC23DD /* Products */;
			projectDirPath = "";
			projectRoot = "";
			targets = (
				186A231C1B7D88EF00DC23DD /* test */,
				186A23351B7D88EF00DC23DD /* testTests */,
			);
		};
/* End PBXProject section */

/* Begin PBXResourcesBuildPhase section */
		186A231B1B7D88EF00DC23DD /* Resources */ = {
			isa = PBXResourcesBuildPhase;
			buildActionMask = 2147483647;
			files = (
				186A232C1B7D88EF00DC23DD /* Main.storyboard in Resources */,
				186A23311B7D88EF00DC23DD /* LaunchScreen.xib in Resources */,
				186A232E1B7D88EF00DC23DD /* Images.xcassets in Resources */,
			);
			runOnlyForDeploymentPostprocessing = 0;
		};
		186A23341B7D88EF00DC23DD /* Resources */ = {
			isa = PBXResourcesBuildPhase;
			buildActionMask = 2147483647;
			files = (
			);
			runOnlyForDeploymentPostprocessing = 0;
		};
/* End PBXResourcesBuildPhase section */

/* Begin PBXSourcesBuildPhase section */
		186A23191B7D88EF00DC23DD /* Sources */ = {
			isa = PBXSourcesBuildPhase;
			buildActionMask = 2147483647;
			files = (
				186A23291B7D88EF00DC23DD /* ViewController.m in Sources */,
				186A23261B7D88EF00DC23DD /* AppDelegate.m in Sources */,
				186A23231B7D88EF00DC23DD /* main.m in Sources */,
			);
			runOnlyForDeploymentPostprocessing = 0;
		};
		186A23321B7D88EF00DC23DD /* Sources */ = {
			isa = PBXSourcesBuildPhase;
			buildActionMask = 2147483647;
			files = (
				186A233D1B7D88EF00DC23DD /* testTests.m in Sources */,
			);
			runOnlyForDeploymentPostprocessing = 0;
		};
/* End PBXSourcesBuildPhase section */

/* Begin PBXTargetDependency section */
		186A23381B7D88EF00DC23DD /* PBXTargetDependency */ = {
			isa = PBXTargetDependency;
			target = 186A231C1B7D88EF00DC23DD /* test */;
			targetProxy = 186A23371B7D88EF00DC23DD /* PBXContainerItemProxy */;
		};
/* End PBXTargetDependency section */

/* Begin PBXVariantGroup section */
		186A232A1B7D88EF00DC23DD /* Main.storyboard */ = {
			isa = PBXVariantGroup;
			children = (
				186A232B1B7D88EF00DC23DD /* Base */,
			);
			name = Main.storyboard;
			sourceTree = "<group>";
		};
		186A232F1B7D88EF00DC23DD /* LaunchScreen.xib */ = {
			isa = PBXVariantGroup;
			children = (
				186A23301B7D88EF00DC23DD /* Base */,
			);
			name = LaunchScreen.xib;
			sourceTree = "<group>";
		};
/* End PBXVariantGroup section */

/* Begin XCBuildConfiguration section */
		186A233E1B7D88EF00DC23DD /* Debug */ = {
			isa = XCBuildConfiguration;
			buildSettings = {
				ALWAYS_SEARCH_USER_PATHS = NO;
				CLANG_CXX_LANGUAGE_STANDARD = "gnu++0x";
				CLANG_CXX_LIBRARY = "libc++";
				CLANG_ENABLE_MODULES = YES;
				CLANG_ENABLE_OBJC_ARC = YES;
				CLANG_WARN_BOOL_CONVERSION = YES;
				CLANG_WARN_CONSTANT_CONVERSION = YES;
				CLANG_WARN_DIRECT_OBJC_ISA_USAGE = YES_ERROR;
				CLANG_WARN_EMPTY_BODY = YES;
				CLANG_WARN_ENUM_CONVERSION = YES;
				CLANG_WARN_INT_CONVERSION = YES;
				CLANG_WARN_OBJC_ROOT_CLASS = YES_ERROR;
				CLANG_WARN_UNREACHABLE_CODE = YES;
				CLANG_WARN__DUPLICATE_METHOD_MATCH = YES;
				"CODE_SIGN_IDENTITY[sdk=iphoneos*]" = "iPhone Developer";
				COPY_PHASE_STRIP = NO;
				DEBUG_INFORMATION_FORMAT = "dwarf-with-dsym";
				ENABLE_STRICT_OBJC_MSGSEND = YES;
				GCC_C_LANGUAGE_STANDARD = gnu99;
				GCC_DYNAMIC_NO_PIC = NO;
				GCC_NO_COMMON_BLOCKS = YES;
				GCC_OPTIMIZATION_LEVEL = 0;
				GCC_PREPROCESSOR_DEFINITIONS = (
					"DEBUG=1",
					"$(inherited)",
				);
				GCC_SYMBOLS_PRIVATE_EXTERN = NO;
				GCC_WARN_64_TO_32_BIT_CONVERSION = YES;
				GCC_WARN_ABOUT_RETURN_TYPE = YES_ERROR;
				GCC_WARN_UNDECLARED_SELECTOR = YES;
				GCC_WARN_UNINITIALIZED_AUTOS = YES_AGGRESSIVE;
				GCC_WARN_UNUSED_FUNCTION = YES;
				GCC_WARN_UNUSED_VARIABLE = YES;
				IPHONEOS_DEPLOYMENT_TARGET = 8.4;
				MTL_ENABLE_DEBUG_INFO = YES;
				ONLY_ACTIVE_ARCH = YES;
				SDKROOT = iphoneos;
			};
			name = Debug;
		};
		186A233F1B7D88EF00DC23DD /* Release */ = {
			isa = XCBuildConfiguration;
			buildSettings = {
				ALWAYS_SEARCH_USER_PATHS = NO;
				CLANG_CXX_LANGUAGE_STANDARD = "gnu++0x";
				CLANG_CXX_LIBRARY = "libc++";
				CLANG_ENABLE_MODULES = YES;
				CLANG_ENABLE_OBJC_ARC = YES;
				CLANG_WARN_BOOL_CONVERSION = YES;
				CLANG_WARN_CONSTANT_CONVERSION = YES;
				CLANG_WARN_DIRECT_OBJC_ISA_USAGE = YES_ERROR;
				CLANG_WARN_EMPTY_BODY = YES;
				CLANG_WARN_ENUM_CONVERSION = YES;
				CLANG_WARN_INT_CONVERSION = YES;
				CLANG_WARN_OBJC_ROOT_CLASS = YES_ERROR;
				CLANG_WARN_UNREACHABLE_CODE = YES;
				CLANG_WARN__DUPLICATE_METHOD_MATCH = YES;
				"CODE_SIGN_IDENTITY[sdk=iphoneos*]" = "iPhone Developer";
				COPY_PHASE_STRIP = NO;
				DEBUG_INFORMATION_FORMAT = "dwarf-with-dsym";
				ENABLE_NS_ASSERTIONS = NO;
				ENABLE_STRICT_OBJC_MSGSEND = YES;
				GCC_C_LANGUAGE_STANDARD = gnu99;
				GCC_NO_COMMON_BLOCKS = YES;
				GCC_WARN_64_TO_32_BIT_CONVERSION = YES;
				GCC_WARN_ABOUT_RETURN_TYPE = YES_ERROR;
				GCC_WARN_UNDECLARED_SELECTOR = YES;
				GCC_WARN_UNINITIALIZED_AUTOS = YES_AGGRESSIVE;
				GCC_WARN_UNUSED_FUNCTION = YES;
				GCC_WARN_UNUSED_VARIABLE = YES;
				IPHONEOS_DEPLOYMENT_TARGET = 8.4;
				MTL_ENABLE_DEBUG_INFO = NO;
				SDKROOT = iphoneos;
				VALIDATE_PRODUCT = YES;
			};
			name = Release;
		};
		186A23411B7D88EF00DC23DD /* Debug */ = {
			isa = XCBuildConfiguration;
			buildSettings = {
				ASSETCATALOG_COMPILER_APPICON_NAME = AppIcon;
				INFOPLIST_FILE = test/Info.plist;
				LD_RUNPATH_SEARCH_PATHS = "$(inherited) @executable_path/Frameworks";
				PRODUCT_NAME = "$(TARGET_NAME)";
			};
			name = Debug;
		};
		186A23421B7D88EF00DC23DD /* Release */ = {
			isa = XCBuildConfiguration;
			buildSettings = {
				ASSETCATALOG_COMPILER_APPICON_NAME = AppIcon;
				INFOPLIST_FILE = test/Info.plist;
				LD_RUNPATH_SEARCH_PATHS = "$(inherited) @executable_path/Frameworks";
				PRODUCT_NAME = "$(TARGET_NAME)";
			};
			name = Release;
		};
		186A23441B7D88EF00DC23DD /* Debug */ = {
			isa = XCBuildConfiguration;
			buildSettings = {
				BUNDLE_LOADER = "$(TEST_HOST)";
				FRAMEWORK_SEARCH_PATHS = (
					"$(SDKROOT)/Developer/Library/Frameworks",
					"$(inherited)",
				);
				GCC_PREPROCESSOR_DEFINITIONS = (
					"DEBUG=1",
					"$(inherited)",
				);
				INFOPLIST_FILE = testTests/Info.plist;
				LD_RUNPATH_SEARCH_PATHS = "$(inherited) @executable_path/Frameworks @loader_path/Frameworks";
				PRODUCT_NAME = "$(TARGET_NAME)";
				TEST_HOST = "$(BUILT_PRODUCTS_DIR)/test.app/test";
			};
			name = Debug;
		};
		186A23451B7D88EF00DC23DD /* Release */ = {
			isa = XCBuildConfiguration;
			buildSettings = {
				BUNDLE_LOADER = "$(TEST_HOST)";
				FRAMEWORK_SEARCH_PATHS = (
					"$(SDKROOT)/Developer/Library/Frameworks",
					"$(inherited)",
				);
				INFOPLIST_FILE = testTests/Info.plist;
				LD_RUNPATH_SEARCH_PATHS = "$(inherited) @executable_path/Frameworks @loader_path/Frameworks";
				PRODUCT_NAME = "$(TARGET_NAME)";
				TEST_HOST = "$(BUILT_PRODUCTS_DIR)/test.app/test";
			};
			name = Release;
		};
/* End XCBuildConfiguration section */

/* Begin XCConfigurationList section */
		186A23181B7D88EF00DC23DD /* Build configuration list for PBXProject "test" */ = {
			isa = XCConfigurationList;
			buildConfigurations = (
				186A233E1B7D88EF00DC23DD /* Debug */,
				186A233F1B7D88EF00DC23DD /* Release */,
			);
			defaultConfigurationIsVisible = 0;
			defaultConfigurationName = Release;
		};
		186A23401B7D88EF00DC23DD /* Build configuration list for PBXNativeTarget "test" */ = {
			isa = XCConfigurationList;
			buildConfigurations = (
				186A23411B7D88EF00DC23DD /* Debug */,
				186A23421B7D88EF00DC23DD /* Release */,
			);
			defaultConfigurationIsVisible = 0;
		};
		186A23431B7D88EF00DC23DD /* Build configuration list for PBXNativeTarget "testTests" */ = {
			isa = XCConfigurationList;
			buildConfigurations = (
				186A23441B7D88EF00DC23DD /* Debug */,
				186A23451B7D88EF00DC23DD /* Release */,
			);
			defaultConfigurationIsVisible = 0;
		};
/* End XCConfigurationList section */
	};
	rootObject = 186A23151B7D88EF00DC23DD /* Project object */;
}
